
Microsoft Visual Studio Solution File, Format Version 12.00
# Visual Studio Version 17
VisualStudioVersion = 17.10.35013.160
MinimumVisualStudioVersion = 10.0.40219.1
Project("{9A19103F-16F7-4668-BE54-9A1E7A4F7556}") = "Console", "Console\Console.csproj", "{E8870BE3-477E-4B33-A38E-62D4A156AC11}"
EndProject
Project("{FAE04EC0-301F-11D3-BF4B-00C04F79EFBC}") = "WebAppi", "WebAppi\WebAppi.csproj", "{CB486E13-CA1D-47BC-938A-5D87F48B678B}"
EndProject
Global
	GlobalSection(SolutionConfigurationPlatforms) = preSolution
		Debug|Any CPU = Debug|Any CPU
		Release|Any CPU = Release|Any CPU
	EndGlobalSection
	GlobalSection(ProjectConfigurationPlatforms) = postSolution
		{E8870BE3-477E-4B33-A38E-62D4A156AC11}.Debug|Any CPU.ActiveCfg = Debug|Any CPU
		{E8870BE3-477E-4B33-A38E-62D4A156AC11}.Debug|Any CPU.Build.0 = Debug|Any CPU
		{E8870BE3-477E-4B33-A38E-62D4A156AC11}.Release|Any CPU.ActiveCfg = Release|Any CPU
		{E8870BE3-477E-4B33-A38E-62D4A156AC11}.Release|Any CPU.Build.0 = Release|Any CPU
		{CB486E13-CA1D-47BC-938A-5D87F48B678B}.Debug|Any CPU.ActiveCfg = Debug|Any CPU
		{CB486E13-CA1D-47BC-938A-5D87F48B678B}.Debug|Any CPU.Build.0 = Debug|Any CPU
		{CB486E13-CA1D-47BC-938A-5D87F48B678B}.Release|Any CPU.ActiveCfg = Release|Any CPU
		{CB486E13-CA1D-47BC-938A-5D87F48B678B}.Release|Any CPU.Build.0 = Release|Any CPU
	EndGlobalSection
	GlobalSection(SolutionProperties) = preSolution
		HideSolutionNode = FALSE
	EndGlobalSection
	GlobalSection(ExtensibilityGlobals) = postSolution
		SolutionGuid = {16741C41-1699-4E14-91AF-012E3E41C5C7}
	EndGlobalSection
EndGlobal
